
Microsoft Visual Studio Solution File, Format Version 12.00
# Visual Studio 2013
VisualStudioVersion = 12.0.30324.0
MinimumVisualStudioVersion = 10.0.40219.1
Project("{F2A71F9B-5D33-465A-A702-920D77279786}") = "Fred", "Fred\Fred.fsproj", "{65D04314-9152-4163-A114-3CB406999EDA}"
EndProject
Project("{F2A71F9B-5D33-465A-A702-920D77279786}") = "FredTest", "FredTest\FredTest.fsproj", "{1CE2C55A-3E05-4F18-970F-FE3D1102A9DF}"
EndProject
Project("{2150E333-8FDC-42A3-9474-1A3956D46DE8}") = ".nuget", ".nuget", "{F5B35AB1-FE55-4659-A818-FB9A67A69DA3}"
	ProjectSection(SolutionItems) = preProject
		.nuget\NuGet.Config = .nuget\NuGet.Config
		.nuget\NuGet.exe = .nuget\NuGet.exe
		.nuget\NuGet.targets = .nuget\NuGet.targets
	EndProjectSection
EndProject
Project("{FAE04EC0-301F-11D3-BF4B-00C04F79EFBC}") = "CsharpClientTest", "CsharpClientTest\CsharpClientTest.csproj", "{E48FFC52-8594-40C3-8363-8D0E0AAEB54F}"
EndProject
Global
	GlobalSection(SolutionConfigurationPlatforms) = preSolution
		Debug|Any CPU = Debug|Any CPU
		Release|Any CPU = Release|Any CPU
	EndGlobalSection
	GlobalSection(ProjectConfigurationPlatforms) = postSolution
		{65D04314-9152-4163-A114-3CB406999EDA}.Debug|Any CPU.ActiveCfg = Debug|Any CPU
		{65D04314-9152-4163-A114-3CB406999EDA}.Debug|Any CPU.Build.0 = Debug|Any CPU
		{65D04314-9152-4163-A114-3CB406999EDA}.Release|Any CPU.ActiveCfg = Release|Any CPU
		{65D04314-9152-4163-A114-3CB406999EDA}.Release|Any CPU.Build.0 = Release|Any CPU
		{1CE2C55A-3E05-4F18-970F-FE3D1102A9DF}.Debug|Any CPU.ActiveCfg = Debug|Any CPU
		{1CE2C55A-3E05-4F18-970F-FE3D1102A9DF}.Debug|Any CPU.Build.0 = Debug|Any CPU
		{1CE2C55A-3E05-4F18-970F-FE3D1102A9DF}.Release|Any CPU.ActiveCfg = Release|Any CPU
		{1CE2C55A-3E05-4F18-970F-FE3D1102A9DF}.Release|Any CPU.Build.0 = Release|Any CPU
		{E48FFC52-8594-40C3-8363-8D0E0AAEB54F}.Debug|Any CPU.ActiveCfg = Debug|Any CPU
		{E48FFC52-8594-40C3-8363-8D0E0AAEB54F}.Debug|Any CPU.Build.0 = Debug|Any CPU
		{E48FFC52-8594-40C3-8363-8D0E0AAEB54F}.Release|Any CPU.ActiveCfg = Release|Any CPU
		{E48FFC52-8594-40C3-8363-8D0E0AAEB54F}.Release|Any CPU.Build.0 = Release|Any CPU
	EndGlobalSection
	GlobalSection(SolutionProperties) = preSolution
		HideSolutionNode = FALSE
	EndGlobalSection
EndGlobal
